// !$*UTF8*$!
{
	archiveVersion = 1;
	classes = {
	};
	objectVersion = 56;
	objects = {

/* Begin PBXBuildFile section */
		61492DCD2A7CB5270088C8F7 /* AppleProductRedirectApp.swift in Sources */ = {isa = PBXBuildFile; fileRef = 61492DCC2A7CB5270088C8F7 /* AppleProductRedirectApp.swift */; };
		61492DCF2A7CB5270088C8F7 /* ContentView.swift in Sources */ = {isa = PBXBuildFile; fileRef = 61492DCE2A7CB5270088C8F7 /* ContentView.swift */; };
		61492DD12A7CB5290088C8F7 /* Assets.xcassets in Resources */ = {isa = PBXBuildFile; fileRef = 61492DD02A7CB5290088C8F7 /* Assets.xcassets */; };
		61492DD42A7CB5290088C8F7 /* Preview Assets.xcassets in Resources */ = {isa = PBXBuildFile; fileRef = 61492DD32A7CB5290088C8F7 /* Preview Assets.xcassets */; };
		61492DDE2A7CB5290088C8F7 /* AppleProductRedirectTests.swift in Sources */ = {isa = PBXBuildFile; fileRef = 61492DDD2A7CB5290088C8F7 /* AppleProductRedirectTests.swift */; };
		61492DE82A7CB5290088C8F7 /* AppleProductRedirectUITests.swift in Sources */ = {isa = PBXBuildFile; fileRef = 61492DE72A7CB5290088C8F7 /* AppleProductRedirectUITests.swift */; };
		61492DEA2A7CB5290088C8F7 /* AppleProductRedirectUITestsLaunchTests.swift in Sources */ = {isa = PBXBuildFile; fileRef = 61492DE92A7CB5290088C8F7 /* AppleProductRedirectUITestsLaunchTests.swift */; };
		61492DF82A7CB8710088C8F7 /* SelectOptionView.swift in Sources */ = {isa = PBXBuildFile; fileRef = 61492DF72A7CB8710088C8F7 /* SelectOptionView.swift */; };
		61492DFA2A7CBA820088C8F7 /* ProductCardView.swift in Sources */ = {isa = PBXBuildFile; fileRef = 61492DF92A7CBA820088C8F7 /* ProductCardView.swift */; };
		61492DFD2A7CC1240088C8F7 /* Option.swift in Sources */ = {isa = PBXBuildFile; fileRef = 61492DFC2A7CC1240088C8F7 /* Option.swift */; };
		61492DFF2A7CC7A40088C8F7 /* OptionModel.swift in Sources */ = {isa = PBXBuildFile; fileRef = 61492DFE2A7CC7A40088C8F7 /* OptionModel.swift */; };
		61492E012A7CCDB40088C8F7 /* WishListView.swift in Sources */ = {isa = PBXBuildFile; fileRef = 61492E002A7CCDB40088C8F7 /* WishListView.swift */; };
		61492E052A7CDB410088C8F7 /* ProductSafariWebView.swift in Sources */ = {isa = PBXBuildFile; fileRef = 61492E042A7CDB410088C8F7 /* ProductSafariWebView.swift */; };
/* End PBXBuildFile section */

/* Begin PBXContainerItemProxy section */
		61492DDA2A7CB5290088C8F7 /* PBXContainerItemProxy */ = {
			isa = PBXContainerItemProxy;
			containerPortal = 61492DC12A7CB5270088C8F7 /* Project object */;
			proxyType = 1;
			remoteGlobalIDString = 61492DC82A7CB5270088C8F7;
			remoteInfo = AppleProductRedirect;
		};
		61492DE42A7CB5290088C8F7 /* PBXContainerItemProxy */ = {
			isa = PBXContainerItemProxy;
			containerPortal = 61492DC12A7CB5270088C8F7 /* Project object */;
			proxyType = 1;
			remoteGlobalIDString = 61492DC82A7CB5270088C8F7;
			remoteInfo = AppleProductRedirect;
		};
/* End PBXContainerItemProxy section */

/* Begin PBXFileReference section */
		61492DC92A7CB5270088C8F7 /* AppleProductRedirect.app */ = {isa = PBXFileReference; explicitFileType = wrapper.application; includeInIndex = 0; path = AppleProductRedirect.app; sourceTree = BUILT_PRODUCTS_DIR; };
		61492DCC2A7CB5270088C8F7 /* AppleProductRedirectApp.swift */ = {isa = PBXFileReference; lastKnownFileType = sourcecode.swift; path = AppleProductRedirectApp.swift; sourceTree = "<group>"; };
		61492DCE2A7CB5270088C8F7 /* ContentView.swift */ = {isa = PBXFileReference; lastKnownFileType = sourcecode.swift; path = ContentView.swift; sourceTree = "<group>"; };
		61492DD02A7CB5290088C8F7 /* Assets.xcassets */ = {isa = PBXFileReference; lastKnownFileType = folder.assetcatalog; path = Assets.xcassets; sourceTree = "<group>"; };
		61492DD32A7CB5290088C8F7 /* Preview Assets.xcassets */ = {isa = PBXFileReference; lastKnownFileType = folder.assetcatalog; path = "Preview Assets.xcassets"; sourceTree = "<group>"; };
		61492DD92A7CB5290088C8F7 /* AppleProductRedirectTests.xctest */ = {isa = PBXFileReference; explicitFileType = wrapper.cfbundle; includeInIndex = 0; path = AppleProductRedirectTests.xctest; sourceTree = BUILT_PRODUCTS_DIR; };
		61492DDD2A7CB5290088C8F7 /* AppleProductRedirectTests.swift */ = {isa = PBXFileReference; lastKnownFileType = sourcecode.swift; path = AppleProductRedirectTests.swift; sourceTree = "<group>"; };
		61492DE32A7CB5290088C8F7 /* AppleProductRedirectUITests.xctest */ = {isa = PBXFileReference; explicitFileType = wrapper.cfbundle; includeInIndex = 0; path = AppleProductRedirectUITests.xctest; sourceTree = BUILT_PRODUCTS_DIR; };
		61492DE72A7CB5290088C8F7 /* AppleProductRedirectUITests.swift */ = {isa = PBXFileReference; lastKnownFileType = sourcecode.swift; path = AppleProductRedirectUITests.swift; sourceTree = "<group>"; };
		61492DE92A7CB5290088C8F7 /* AppleProductRedirectUITestsLaunchTests.swift */ = {isa = PBXFileReference; lastKnownFileType = sourcecode.swift; path = AppleProductRedirectUITestsLaunchTests.swift; sourceTree = "<group>"; };
		61492DF72A7CB8710088C8F7 /* SelectOptionView.swift */ = {isa = PBXFileReference; lastKnownFileType = sourcecode.swift; path = SelectOptionView.swift; sourceTree = "<group>"; };
		61492DF92A7CBA820088C8F7 /* ProductCardView.swift */ = {isa = PBXFileReference; lastKnownFileType = sourcecode.swift; path = ProductCardView.swift; sourceTree = "<group>"; };
		61492DFC2A7CC1240088C8F7 /* Option.swift */ = {isa = PBXFileReference; lastKnownFileType = sourcecode.swift; path = Option.swift; sourceTree = "<group>"; };
		61492DFE2A7CC7A40088C8F7 /* OptionModel.swift */ = {isa = PBXFileReference; lastKnownFileType = sourcecode.swift; path = OptionModel.swift; sourceTree = "<group>"; };
		61492E002A7CCDB40088C8F7 /* WishListView.swift */ = {isa = PBXFileReference; lastKnownFileType = sourcecode.swift; path = WishListView.swift; sourceTree = "<group>"; };
		61492E042A7CDB410088C8F7 /* ProductSafariWebView.swift */ = {isa = PBXFileReference; lastKnownFileType = sourcecode.swift; path = ProductSafariWebView.swift; sourceTree = "<group>"; };
/* End PBXFileReference section */

/* Begin PBXFrameworksBuildPhase section */
		61492DC62A7CB5270088C8F7 /* Frameworks */ = {
			isa = PBXFrameworksBuildPhase;
			buildActionMask = 2147483647;
			files = (
			);
			runOnlyForDeploymentPostprocessing = 0;
		};
		61492DD62A7CB5290088C8F7 /* Frameworks */ = {
			isa = PBXFrameworksBuildPhase;
			buildActionMask = 2147483647;
			files = (
			);
			runOnlyForDeploymentPostprocessing = 0;
		};
		61492DE02A7CB5290088C8F7 /* Frameworks */ = {
			isa = PBXFrameworksBuildPhase;
			buildActionMask = 2147483647;
			files = (
			);
			runOnlyForDeploymentPostprocessing = 0;
		};
/* End PBXFrameworksBuildPhase section */

/* Begin PBXGroup section */
		61492DC02A7CB5270088C8F7 = {
			isa = PBXGroup;
			children = (
				61492DCB2A7CB5270088C8F7 /* AppleProductRedirect */,
				61492DDC2A7CB5290088C8F7 /* AppleProductRedirectTests */,
				61492DE62A7CB5290088C8F7 /* AppleProductRedirectUITests */,
				61492DCA2A7CB5270088C8F7 /* Products */,
			);
			sourceTree = "<group>";
		};
		61492DCA2A7CB5270088C8F7 /* Products */ = {
			isa = PBXGroup;
			children = (
				61492DC92A7CB5270088C8F7 /* AppleProductRedirect.app */,
				61492DD92A7CB5290088C8F7 /* AppleProductRedirectTests.xctest */,
				61492DE32A7CB5290088C8F7 /* AppleProductRedirectUITests.xctest */,
			);
			name = Products;
			sourceTree = "<group>";
		};
		61492DCB2A7CB5270088C8F7 /* AppleProductRedirect */ = {
			isa = PBXGroup;
			children = (
				61492DFB2A7CC1100088C8F7 /* Models */,
				61492DF62A7CB53D0088C8F7 /* Views */,
				61492DCC2A7CB5270088C8F7 /* AppleProductRedirectApp.swift */,
				61492DCE2A7CB5270088C8F7 /* ContentView.swift */,
				61492DD02A7CB5290088C8F7 /* Assets.xcassets */,
				61492DD22A7CB5290088C8F7 /* Preview Content */,
			);
			path = AppleProductRedirect;
			sourceTree = "<group>";
		};
		61492DD22A7CB5290088C8F7 /* Preview Content */ = {
			isa = PBXGroup;
			children = (
				61492DD32A7CB5290088C8F7 /* Preview Assets.xcassets */,
			);
			path = "Preview Content";
			sourceTree = "<group>";
		};
		61492DDC2A7CB5290088C8F7 /* AppleProductRedirectTests */ = {
			isa = PBXGroup;
			children = (
				61492DDD2A7CB5290088C8F7 /* AppleProductRedirectTests.swift */,
			);
			path = AppleProductRedirectTests;
			sourceTree = "<group>";
		};
		61492DE62A7CB5290088C8F7 /* AppleProductRedirectUITests */ = {
			isa = PBXGroup;
			children = (
				61492DE72A7CB5290088C8F7 /* AppleProductRedirectUITests.swift */,
				61492DE92A7CB5290088C8F7 /* AppleProductRedirectUITestsLaunchTests.swift */,
			);
			path = AppleProductRedirectUITests;
			sourceTree = "<group>";
		};
		61492DF62A7CB53D0088C8F7 /* Views */ = {
			isa = PBXGroup;
			children = (
				61492DF72A7CB8710088C8F7 /* SelectOptionView.swift */,
				61492DF92A7CBA820088C8F7 /* ProductCardView.swift */,
				61492E002A7CCDB40088C8F7 /* WishListView.swift */,
				61492E042A7CDB410088C8F7 /* ProductSafariWebView.swift */,
			);
			path = Views;
			sourceTree = "<group>";
		};
		61492DFB2A7CC1100088C8F7 /* Models */ = {
			isa = PBXGroup;
			children = (
				61492DFC2A7CC1240088C8F7 /* Option.swift */,
				61492DFE2A7CC7A40088C8F7 /* OptionModel.swift */,
			);
			path = Models;
			sourceTree = "<group>";
		};
/* End PBXGroup section */

/* Begin PBXNativeTarget section */
		61492DC82A7CB5270088C8F7 /* AppleProductRedirect */ = {
			isa = PBXNativeTarget;
			buildConfigurationList = 61492DED2A7CB5290088C8F7 /* Build configuration list for PBXNativeTarget "AppleProductRedirect" */;
			buildPhases = (
				61492DC52A7CB5270088C8F7 /* Sources */,
				61492DC62A7CB5270088C8F7 /* Frameworks */,
				61492DC72A7CB5270088C8F7 /* Resources */,
			);
			buildRules = (
			);
			dependencies = (
			);
			name = AppleProductRedirect;
			productName = AppleProductRedirect;
			productReference = 61492DC92A7CB5270088C8F7 /* AppleProductRedirect.app */;
			productType = "com.apple.product-type.application";
		};
		61492DD82A7CB5290088C8F7 /* AppleProductRedirectTests */ = {
			isa = PBXNativeTarget;
			buildConfigurationList = 61492DF02A7CB5290088C8F7 /* Build configuration list for PBXNativeTarget "AppleProductRedirectTests" */;
			buildPhases = (
				61492DD52A7CB5290088C8F7 /* Sources */,
				61492DD62A7CB5290088C8F7 /* Frameworks */,
				61492DD72A7CB5290088C8F7 /* Resources */,
			);
			buildRules = (
			);
			dependencies = (
				61492DDB2A7CB5290088C8F7 /* PBXTargetDependency */,
			);
			name = AppleProductRedirectTests;
			productName = AppleProductRedirectTests;
			productReference = 61492DD92A7CB5290088C8F7 /* AppleProductRedirectTests.xctest */;
			productType = "com.apple.product-type.bundle.unit-test";
		};
		61492DE22A7CB5290088C8F7 /* AppleProductRedirectUITests */ = {
			isa = PBXNativeTarget;
			buildConfigurationList = 61492DF32A7CB5290088C8F7 /* Build configuration list for PBXNativeTarget "AppleProductRedirectUITests" */;
			buildPhases = (
				61492DDF2A7CB5290088C8F7 /* Sources */,
				61492DE02A7CB5290088C8F7 /* Frameworks */,
				61492DE12A7CB5290088C8F7 /* Resources */,
			);
			buildRules = (
			);
			dependencies = (
				61492DE52A7CB5290088C8F7 /* PBXTargetDependency */,
			);
			name = AppleProductRedirectUITests;
			productName = AppleProductRedirectUITests;
			productReference = 61492DE32A7CB5290088C8F7 /* AppleProductRedirectUITests.xctest */;
			productType = "com.apple.product-type.bundle.ui-testing";
		};
/* End PBXNativeTarget section */

/* Begin PBXProject section */
		61492DC12A7CB5270088C8F7 /* Project object */ = {
			isa = PBXProject;
			attributes = {
				BuildIndependentTargetsInParallel = 1;
				LastSwiftUpdateCheck = 1430;
				LastUpgradeCheck = 1430;
				TargetAttributes = {
					61492DC82A7CB5270088C8F7 = {
						CreatedOnToolsVersion = 14.3.1;
					};
					61492DD82A7CB5290088C8F7 = {
						CreatedOnToolsVersion = 14.3.1;
						TestTargetID = 61492DC82A7CB5270088C8F7;
					};
					61492DE22A7CB5290088C8F7 = {
						CreatedOnToolsVersion = 14.3.1;
						TestTargetID = 61492DC82A7CB5270088C8F7;
					};
				};
			};
			buildConfigurationList = 61492DC42A7CB5270088C8F7 /* Build configuration list for PBXProject "AppleProductRedirect" */;
			compatibilityVersion = "Xcode 14.0";
			developmentRegion = en;
			hasScannedForEncodings = 0;
			knownRegions = (
				en,
				Base,
			);
			mainGroup = 61492DC02A7CB5270088C8F7;
			productRefGroup = 61492DCA2A7CB5270088C8F7 /* Products */;
			projectDirPath = "";
			projectRoot = "";
			targets = (
				61492DC82A7CB5270088C8F7 /* AppleProductRedirect */,
				61492DD82A7CB5290088C8F7 /* AppleProductRedirectTests */,
				61492DE22A7CB5290088C8F7 /* AppleProductRedirectUITests */,
			);
		};
/* End PBXProject section */

/* Begin PBXResourcesBuildPhase section */
		61492DC72A7CB5270088C8F7 /* Resources */ = {
			isa = PBXResourcesBuildPhase;
			buildActionMask = 2147483647;
			files = (
				61492DD42A7CB5290088C8F7 /* Preview Assets.xcassets in Resources */,
				61492DD12A7CB5290088C8F7 /* Assets.xcassets in Resources */,
			);
			runOnlyForDeploymentPostprocessing = 0;
		};
		61492DD72A7CB5290088C8F7 /* Resources */ = {
			isa = PBXResourcesBuildPhase;
			buildActionMask = 2147483647;
			files = (
			);
			runOnlyForDeploymentPostprocessing = 0;
		};
		61492DE12A7CB5290088C8F7 /* Resources */ = {
			isa = PBXResourcesBuildPhase;
			buildActionMask = 2147483647;
			files = (
			);
			runOnlyForDeploymentPostprocessing = 0;
		};
/* End PBXResourcesBuildPhase section */

/* Begin PBXSourcesBuildPhase section */
		61492DC52A7CB5270088C8F7 /* Sources */ = {
			isa = PBXSourcesBuildPhase;
			buildActionMask = 2147483647;
			files = (
				61492DF82A7CB8710088C8F7 /* SelectOptionView.swift in Sources */,
				61492E052A7CDB410088C8F7 /* ProductSafariWebView.swift in Sources */,
				61492E012A7CCDB40088C8F7 /* WishListView.swift in Sources */,
				61492DFA2A7CBA820088C8F7 /* ProductCardView.swift in Sources */,
				61492DFF2A7CC7A40088C8F7 /* OptionModel.swift in Sources */,
				61492DFD2A7CC1240088C8F7 /* Option.swift in Sources */,
				61492DCF2A7CB5270088C8F7 /* ContentView.swift in Sources */,
				61492DCD2A7CB5270088C8F7 /* AppleProductRedirectApp.swift in Sources */,
			);
			runOnlyForDeploymentPostprocessing = 0;
		};
		61492DD52A7CB5290088C8F7 /* Sources */ = {
			isa = PBXSourcesBuildPhase;
			buildActionMask = 2147483647;
			files = (
				61492DDE2A7CB5290088C8F7 /* AppleProductRedirectTests.swift in Sources */,
			);
			runOnlyForDeploymentPostprocessing = 0;
		};
		61492DDF2A7CB5290088C8F7 /* Sources */ = {
			isa = PBXSourcesBuildPhase;
			buildActionMask = 2147483647;
			files = (
				61492DE82A7CB5290088C8F7 /* AppleProductRedirectUITests.swift in Sources */,
				61492DEA2A7CB5290088C8F7 /* AppleProductRedirectUITestsLaunchTests.swift in Sources */,
			);
			runOnlyForDeploymentPostprocessing = 0;
		};
/* End PBXSourcesBuildPhase section */

/* Begin PBXTargetDependency section */
		61492DDB2A7CB5290088C8F7 /* PBXTargetDependency */ = {
			isa = PBXTargetDependency;
			target = 61492DC82A7CB5270088C8F7 /* AppleProductRedirect */;
			targetProxy = 61492DDA2A7CB5290088C8F7 /* PBXContainerItemProxy */;
		};
		61492DE52A7CB5290088C8F7 /* PBXTargetDependency */ = {
			isa = PBXTargetDependency;
			target = 61492DC82A7CB5270088C8F7 /* AppleProductRedirect */;
			targetProxy = 61492DE42A7CB5290088C8F7 /* PBXContainerItemProxy */;
		};
/* End PBXTargetDependency section */

/* Begin XCBuildConfiguration section */
		61492DEB2A7CB5290088C8F7 /* Debug */ = {
			isa = XCBuildConfiguration;
			buildSettings = {
				ALWAYS_SEARCH_USER_PATHS = NO;
				CLANG_ANALYZER_NONNULL = YES;
				CLANG_ANALYZER_NUMBER_OBJECT_CONVERSION = YES_AGGRESSIVE;
				CLANG_CXX_LANGUAGE_STANDARD = "gnu++20";
				CLANG_ENABLE_MODULES = YES;
				CLANG_ENABLE_OBJC_ARC = YES;
				CLANG_ENABLE_OBJC_WEAK = YES;
				CLANG_WARN_BLOCK_CAPTURE_AUTORELEASING = YES;
				CLANG_WARN_BOOL_CONVERSION = YES;
				CLANG_WARN_COMMA = YES;
				CLANG_WARN_CONSTANT_CONVERSION = YES;
				CLANG_WARN_DEPRECATED_OBJC_IMPLEMENTATIONS = YES;
				CLANG_WARN_DIRECT_OBJC_ISA_USAGE = YES_ERROR;
				CLANG_WARN_DOCUMENTATION_COMMENTS = YES;
				CLANG_WARN_EMPTY_BODY = YES;
				CLANG_WARN_ENUM_CONVERSION = YES;
				CLANG_WARN_INFINITE_RECURSION = YES;
				CLANG_WARN_INT_CONVERSION = YES;
				CLANG_WARN_NON_LITERAL_NULL_CONVERSION = YES;
				CLANG_WARN_OBJC_IMPLICIT_RETAIN_SELF = YES;
				CLANG_WARN_OBJC_LITERAL_CONVERSION = YES;
				CLANG_WARN_OBJC_ROOT_CLASS = YES_ERROR;
				CLANG_WARN_QUOTED_INCLUDE_IN_FRAMEWORK_HEADER = YES;
				CLANG_WARN_RANGE_LOOP_ANALYSIS = YES;
				CLANG_WARN_STRICT_PROTOTYPES = YES;
				CLANG_WARN_SUSPICIOUS_MOVE = YES;
				CLANG_WARN_UNGUARDED_AVAILABILITY = YES_AGGRESSIVE;
				CLANG_WARN_UNREACHABLE_CODE = YES;
				CLANG_WARN__DUPLICATE_METHOD_MATCH = YES;
				COPY_PHASE_STRIP = NO;
				DEBUG_INFORMATION_FORMAT = dwarf;
				ENABLE_STRICT_OBJC_MSGSEND = YES;
				ENABLE_TESTABILITY = YES;
				GCC_C_LANGUAGE_STANDARD = gnu11;
				GCC_DYNAMIC_NO_PIC = NO;
				GCC_NO_COMMON_BLOCKS = YES;
				GCC_OPTIMIZATION_LEVEL = 0;
				GCC_PREPROCESSOR_DEFINITIONS = (
					"DEBUG=1",
					"$(inherited)",
				);
				GCC_WARN_64_TO_32_BIT_CONVERSION = YES;
				GCC_WARN_ABOUT_RETURN_TYPE = YES_ERROR;
				GCC_WARN_UNDECLARED_SELECTOR = YES;
				GCC_WARN_UNINITIALIZED_AUTOS = YES_AGGRESSIVE;
				GCC_WARN_UNUSED_FUNCTION = YES;
				GCC_WARN_UNUSED_VARIABLE = YES;
				IPHONEOS_DEPLOYMENT_TARGET = 16.4;
				MTL_ENABLE_DEBUG_INFO = INCLUDE_SOURCE;
				MTL_FAST_MATH = YES;
				ONLY_ACTIVE_ARCH = YES;
				SDKROOT = iphoneos;
				SWIFT_ACTIVE_COMPILATION_CONDITIONS = DEBUG;
				SWIFT_OPTIMIZATION_LEVEL = "-Onone";
			};
			name = Debug;
		};
		61492DEC2A7CB5290088C8F7 /* Release */ = {
			isa = XCBuildConfiguration;
			buildSettings = {
				ALWAYS_SEARCH_USER_PATHS = NO;
				CLANG_ANALYZER_NONNULL = YES;
				CLANG_ANALYZER_NUMBER_OBJECT_CONVERSION = YES_AGGRESSIVE;
				CLANG_CXX_LANGUAGE_STANDARD = "gnu++20";
				CLANG_ENABLE_MODULES = YES;
				CLANG_ENABLE_OBJC_ARC = YES;
				CLANG_ENABLE_OBJC_WEAK = YES;
				CLANG_WARN_BLOCK_CAPTURE_AUTORELEASING = YES;
				CLANG_WARN_BOOL_CONVERSION = YES;
				CLANG_WARN_COMMA = YES;
				CLANG_WARN_CONSTANT_CONVERSION = YES;
				CLANG_WARN_DEPRECATED_OBJC_IMPLEMENTATIONS = YES;
				CLANG_WARN_DIRECT_OBJC_ISA_USAGE = YES_ERROR;
				CLANG_WARN_DOCUMENTATION_COMMENTS = YES;
				CLANG_WARN_EMPTY_BODY = YES;
				CLANG_WARN_ENUM_CONVERSION = YES;
				CLANG_WARN_INFINITE_RECURSION = YES;
				CLANG_WARN_INT_CONVERSION = YES;
				CLANG_WARN_NON_LITERAL_NULL_CONVERSION = YES;
				CLANG_WARN_OBJC_IMPLICIT_RETAIN_SELF = YES;
				CLANG_WARN_OBJC_LITERAL_CONVERSION = YES;
				CLANG_WARN_OBJC_ROOT_CLASS = YES_ERROR;
				CLANG_WARN_QUOTED_INCLUDE_IN_FRAMEWORK_HEADER = YES;
				CLANG_WARN_RANGE_LOOP_ANALYSIS = YES;
				CLANG_WARN_STRICT_PROTOTYPES = YES;
				CLANG_WARN_SUSPICIOUS_MOVE = YES;
				CLANG_WARN_UNGUARDED_AVAILABILITY = YES_AGGRESSIVE;
				CLANG_WARN_UNREACHABLE_CODE = YES;
				CLANG_WARN__DUPLICATE_METHOD_MATCH = YES;
				COPY_PHASE_STRIP = NO;
				DEBUG_INFORMATION_FORMAT = "dwarf-with-dsym";
				ENABLE_NS_ASSERTIONS = NO;
				ENABLE_STRICT_OBJC_MSGSEND = YES;
				GCC_C_LANGUAGE_STANDARD = gnu11;
				GCC_NO_COMMON_BLOCKS = YES;
				GCC_WARN_64_TO_32_BIT_CONVERSION = YES;
				GCC_WARN_ABOUT_RETURN_TYPE = YES_ERROR;
				GCC_WARN_UNDECLARED_SELECTOR = YES;
				GCC_WARN_UNINITIALIZED_AUTOS = YES_AGGRESSIVE;
				GCC_WARN_UNUSED_FUNCTION = YES;
				GCC_WARN_UNUSED_VARIABLE = YES;
				IPHONEOS_DEPLOYMENT_TARGET = 16.4;
				MTL_ENABLE_DEBUG_INFO = NO;
				MTL_FAST_MATH = YES;
				SDKROOT = iphoneos;
				SWIFT_COMPILATION_MODE = wholemodule;
				SWIFT_OPTIMIZATION_LEVEL = "-O";
				VALIDATE_PRODUCT = YES;
			};
			name = Release;
		};
		61492DEE2A7CB5290088C8F7 /* Debug */ = {
			isa = XCBuildConfiguration;
			buildSettings = {
				ASSETCATALOG_COMPILER_APPICON_NAME = AppIcon;
				ASSETCATALOG_COMPILER_GLOBAL_ACCENT_COLOR_NAME = AccentColor;
				CODE_SIGN_STYLE = Automatic;
				CURRENT_PROJECT_VERSION = 1;
				DEVELOPMENT_ASSET_PATHS = "\"AppleProductRedirect/Preview Content\"";
				ENABLE_PREVIEWS = YES;
				GENERATE_INFOPLIST_FILE = YES;
				INFOPLIST_KEY_UIApplicationSceneManifest_Generation = YES;
				INFOPLIST_KEY_UIApplicationSupportsIndirectInputEvents = YES;
				INFOPLIST_KEY_UILaunchScreen_Generation = YES;
				INFOPLIST_KEY_UISupportedInterfaceOrientations_iPad = "UIInterfaceOrientationPortrait UIInterfaceOrientationPortraitUpsideDown UIInterfaceOrientationLandscapeLeft UIInterfaceOrientationLandscapeRight";
				INFOPLIST_KEY_UISupportedInterfaceOrientations_iPhone = "UIInterfaceOrientationPortrait UIInterfaceOrientationLandscapeLeft UIInterfaceOrientationLandscapeRight";
				LD_RUNPATH_SEARCH_PATHS = (
					"$(inherited)",
					"@executable_path/Frameworks",
				);
				MARKETING_VERSION = 1.0;
				PRODUCT_BUNDLE_IDENTIFIER = com.deblur.AppleProductRedirect;
				PRODUCT_NAME = "$(TARGET_NAME)";
				SWIFT_EMIT_LOC_STRINGS = YES;
				SWIFT_VERSION = 5.0;
				TARGETED_DEVICE_FAMILY = "1,2";
			};
			name = Debug;
		};
		61492DEF2A7CB5290088C8F7 /* Release */ = {
			isa = XCBuildConfiguration;
			buildSettings = {
				ASSETCATALOG_COMPILER_APPICON_NAME = AppIcon;
				ASSETCATALOG_COMPILER_GLOBAL_ACCENT_COLOR_NAME = AccentColor;
				CODE_SIGN_STYLE = Automatic;
				CURRENT_PROJECT_VERSION = 1;
				DEVELOPMENT_ASSET_PATHS = "\"AppleProductRedirect/Preview Content\"";
				ENABLE_PREVIEWS = YES;
				GENERATE_INFOPLIST_FILE = YES;
				INFOPLIST_KEY_UIApplicationSceneManifest_Generation = YES;
				INFOPLIST_KEY_UIApplicationSupportsIndirectInputEvents = YES;
				INFOPLIST_KEY_UILaunchScreen_Generation = YES;
				INFOPLIST_KEY_UISupportedInterfaceOrientations_iPad = "UIInterfaceOrientationPortrait UIInterfaceOrientationPortraitUpsideDown UIInterfaceOrientationLandscapeLeft UIInterfaceOrientationLandscapeRight";
				INFOPLIST_KEY_UISupportedInterfaceOrientations_iPhone = "UIInterfaceOrientationPortrait UIInterfaceOrientationLandscapeLeft UIInterfaceOrientationLandscapeRight";
				LD_RUNPATH_SEARCH_PATHS = (
					"$(inherited)",
					"@executable_path/Frameworks",
				);
				MARKETING_VERSION = 1.0;
				PRODUCT_BUNDLE_IDENTIFIER = com.deblur.AppleProductRedirect;
				PRODUCT_NAME = "$(TARGET_NAME)";
				SWIFT_EMIT_LOC_STRINGS = YES;
				SWIFT_VERSION = 5.0;
				TARGETED_DEVICE_FAMILY = "1,2";
			};
			name = Release;
		};
		61492DF12A7CB5290088C8F7 /* Debug */ = {
			isa = XCBuildConfiguration;
			buildSettings = {
				ALWAYS_EMBED_SWIFT_STANDARD_LIBRARIES = YES;
				BUNDLE_LOADER = "$(TEST_HOST)";
				CODE_SIGN_STYLE = Automatic;
				CURRENT_PROJECT_VERSION = 1;
				GENERATE_INFOPLIST_FILE = YES;
				IPHONEOS_DEPLOYMENT_TARGET = 16.4;
				MARKETING_VERSION = 1.0;
				PRODUCT_BUNDLE_IDENTIFIER = com.deblur.AppleProductRedirectTests;
				PRODUCT_NAME = "$(TARGET_NAME)";
				SWIFT_EMIT_LOC_STRINGS = NO;
				SWIFT_VERSION = 5.0;
				TARGETED_DEVICE_FAMILY = "1,2";
				TEST_HOST = "$(BUILT_PRODUCTS_DIR)/AppleProductRedirect.app/$(BUNDLE_EXECUTABLE_FOLDER_PATH)/AppleProductRedirect";
			};
			name = Debug;
		};
		61492DF22A7CB5290088C8F7 /* Release */ = {
			isa = XCBuildConfiguration;
			buildSettings = {
				ALWAYS_EMBED_SWIFT_STANDARD_LIBRARIES = YES;
				BUNDLE_LOADER = "$(TEST_HOST)";
				CODE_SIGN_STYLE = Automatic;
				CURRENT_PROJECT_VERSION = 1;
				GENERATE_INFOPLIST_FILE = YES;
				IPHONEOS_DEPLOYMENT_TARGET = 16.4;
				MARKETING_VERSION = 1.0;
				PRODUCT_BUNDLE_IDENTIFIER = com.deblur.AppleProductRedirectTests;
				PRODUCT_NAME = "$(TARGET_NAME)";
				SWIFT_EMIT_LOC_STRINGS = NO;
				SWIFT_VERSION = 5.0;
				TARGETED_DEVICE_FAMILY = "1,2";
				TEST_HOST = "$(BUILT_PRODUCTS_DIR)/AppleProductRedirect.app/$(BUNDLE_EXECUTABLE_FOLDER_PATH)/AppleProductRedirect";
			};
			name = Release;
		};
		61492DF42A7CB5290088C8F7 /* Debug */ = {
			isa = XCBuildConfiguration;
			buildSettings = {
				ALWAYS_EMBED_SWIFT_STANDARD_LIBRARIES = YES;
				CODE_SIGN_STYLE = Automatic;
				CURRENT_PROJECT_VERSION = 1;
				GENERATE_INFOPLIST_FILE = YES;
				MARKETING_VERSION = 1.0;
				PRODUCT_BUNDLE_IDENTIFIER = com.deblur.AppleProductRedirectUITests;
				PRODUCT_NAME = "$(TARGET_NAME)";
				SWIFT_EMIT_LOC_STRINGS = NO;
				SWIFT_VERSION = 5.0;
				TARGETED_DEVICE_FAMILY = "1,2";
				TEST_TARGET_NAME = AppleProductRedirect;
			};
			name = Debug;
		};
		61492DF52A7CB5290088C8F7 /* Release */ = {
			isa = XCBuildConfiguration;
			buildSettings = {
				ALWAYS_EMBED_SWIFT_STANDARD_LIBRARIES = YES;
				CODE_SIGN_STYLE = Automatic;
				CURRENT_PROJECT_VERSION = 1;
				GENERATE_INFOPLIST_FILE = YES;
				MARKETING_VERSION = 1.0;
				PRODUCT_BUNDLE_IDENTIFIER = com.deblur.AppleProductRedirectUITests;
				PRODUCT_NAME = "$(TARGET_NAME)";
				SWIFT_EMIT_LOC_STRINGS = NO;
				SWIFT_VERSION = 5.0;
				TARGETED_DEVICE_FAMILY = "1,2";
				TEST_TARGET_NAME = AppleProductRedirect;
			};
			name = Release;
		};
/* End XCBuildConfiguration section */

/* Begin XCConfigurationList section */
		61492DC42A7CB5270088C8F7 /* Build configuration list for PBXProject "AppleProductRedirect" */ = {
			isa = XCConfigurationList;
			buildConfigurations = (
				61492DEB2A7CB5290088C8F7 /* Debug */,
				61492DEC2A7CB5290088C8F7 /* Release */,
			);
			defaultConfigurationIsVisible = 0;
			defaultConfigurationName = Release;
		};
		61492DED2A7CB5290088C8F7 /* Build configuration list for PBXNativeTarget "AppleProductRedirect" */ = {
			isa = XCConfigurationList;
			buildConfigurations = (
				61492DEE2A7CB5290088C8F7 /* Debug */,
				61492DEF2A7CB5290088C8F7 /* Release */,
			);
			defaultConfigurationIsVisible = 0;
			defaultConfigurationName = Release;
		};
		61492DF02A7CB5290088C8F7 /* Build configuration list for PBXNativeTarget "AppleProductRedirectTests" */ = {
			isa = XCConfigurationList;
			buildConfigurations = (
				61492DF12A7CB5290088C8F7 /* Debug */,
				61492DF22A7CB5290088C8F7 /* Release */,
			);
			defaultConfigurationIsVisible = 0;
			defaultConfigurationName = Release;
		};
		61492DF32A7CB5290088C8F7 /* Build configuration list for PBXNativeTarget "AppleProductRedirectUITests" */ = {
			isa = XCConfigurationList;
			buildConfigurations = (
				61492DF42A7CB5290088C8F7 /* Debug */,
				61492DF52A7CB5290088C8F7 /* Release */,
			);
			defaultConfigurationIsVisible = 0;
			defaultConfigurationName = Release;
		};
/* End XCConfigurationList section */
	};
	rootObject = 61492DC12A7CB5270088C8F7 /* Project object */;
}
